
Microsoft Visual Studio Solution File, Format Version 12.00
# Visual Studio 15
VisualStudioVersion = 15.0.28307.779
MinimumVisualStudioVersion = 10.0.40219.1
Project("{FAE04EC0-301F-11D3-BF4B-00C04F79EFBC}") = "ConsoleApp1", "ConsoleApp1\ConsoleApp1.csproj", "{20DAE1D4-8357-4F86-BFBA-2CA5508E752A}"
EndProject
Global
	GlobalSection(SolutionConfigurationPlatforms) = preSolution
		Debug|Any CPU = Debug|Any CPU
		Release|Any CPU = Release|Any CPU
	EndGlobalSection
	GlobalSection(ProjectConfigurationPlatforms) = postSolution
		{20DAE1D4-8357-4F86-BFBA-2CA5508E752A}.Debug|Any CPU.ActiveCfg = Debug|Any CPU
		{20DAE1D4-8357-4F86-BFBA-2CA5508E752A}.Debug|Any CPU.Build.0 = Debug|Any CPU
		{20DAE1D4-8357-4F86-BFBA-2CA5508E752A}.Release|Any CPU.ActiveCfg = Release|Any CPU
		{20DAE1D4-8357-4F86-BFBA-2CA5508E752A}.Release|Any CPU.Build.0 = Release|Any CPU
	EndGlobalSection
	GlobalSection(SolutionProperties) = preSolution
		HideSolutionNode = FALSE
	EndGlobalSection
	GlobalSection(ExtensibilityGlobals) = postSolution
		SolutionGuid = {4851D384-2CEC-4AF5-97BA-FB6DEF6F37F8}
	EndGlobalSection
EndGlobal
