
Microsoft Visual Studio Solution File, Format Version 12.00
# Visual Studio 15
VisualStudioVersion = 15.0.28307.779
MinimumVisualStudioVersion = 10.0.40219.1
Project("{FAE04EC0-301F-11D3-BF4B-00C04F79EFBC}") = "ConsoleApp1", "ConsoleApp1\ConsoleApp1.csproj", "{190482D4-895B-447C-BBC6-A886D6E6999F}"
EndProject
Global
	GlobalSection(SolutionConfigurationPlatforms) = preSolution
		Debug|Any CPU = Debug|Any CPU
		Release|Any CPU = Release|Any CPU
	EndGlobalSection
	GlobalSection(ProjectConfigurationPlatforms) = postSolution
		{190482D4-895B-447C-BBC6-A886D6E6999F}.Debug|Any CPU.ActiveCfg = Debug|Any CPU
		{190482D4-895B-447C-BBC6-A886D6E6999F}.Debug|Any CPU.Build.0 = Debug|Any CPU
		{190482D4-895B-447C-BBC6-A886D6E6999F}.Release|Any CPU.ActiveCfg = Release|Any CPU
		{190482D4-895B-447C-BBC6-A886D6E6999F}.Release|Any CPU.Build.0 = Release|Any CPU
	EndGlobalSection
	GlobalSection(SolutionProperties) = preSolution
		HideSolutionNode = FALSE
	EndGlobalSection
	GlobalSection(ExtensibilityGlobals) = postSolution
		SolutionGuid = {898ADB61-BC5A-4520-86F3-B7D4B148F871}
	EndGlobalSection
EndGlobal
