
Microsoft Visual Studio Solution File, Format Version 12.00
# Visual Studio 15
VisualStudioVersion = 15.0.28307.779
MinimumVisualStudioVersion = 10.0.40219.1
Project("{FAE04EC0-301F-11D3-BF4B-00C04F79EFBC}") = "ConsoleApp1", "ConsoleApp1\ConsoleApp1.csproj", "{A6659119-5668-4EF7-A432-5AB2ED9FC53F}"
EndProject
Global
	GlobalSection(SolutionConfigurationPlatforms) = preSolution
		Debug|Any CPU = Debug|Any CPU
		Release|Any CPU = Release|Any CPU
	EndGlobalSection
	GlobalSection(ProjectConfigurationPlatforms) = postSolution
		{A6659119-5668-4EF7-A432-5AB2ED9FC53F}.Debug|Any CPU.ActiveCfg = Debug|Any CPU
		{A6659119-5668-4EF7-A432-5AB2ED9FC53F}.Debug|Any CPU.Build.0 = Debug|Any CPU
		{A6659119-5668-4EF7-A432-5AB2ED9FC53F}.Release|Any CPU.ActiveCfg = Release|Any CPU
		{A6659119-5668-4EF7-A432-5AB2ED9FC53F}.Release|Any CPU.Build.0 = Release|Any CPU
	EndGlobalSection
	GlobalSection(SolutionProperties) = preSolution
		HideSolutionNode = FALSE
	EndGlobalSection
	GlobalSection(ExtensibilityGlobals) = postSolution
		SolutionGuid = {B1512B2F-CC49-48FE-89C4-428391526A4C}
	EndGlobalSection
EndGlobal
