
Microsoft Visual Studio Solution File, Format Version 12.00
# Visual Studio 15
VisualStudioVersion = 15.0.28307.779
MinimumVisualStudioVersion = 10.0.40219.1
Project("{FAE04EC0-301F-11D3-BF4B-00C04F79EFBC}") = "ConsoleApp1", "ConsoleApp1\ConsoleApp1.csproj", "{CE794D9B-2022-4C0E-83CF-256D3A5A60D7}"
EndProject
Global
	GlobalSection(SolutionConfigurationPlatforms) = preSolution
		Debug|Any CPU = Debug|Any CPU
		Release|Any CPU = Release|Any CPU
	EndGlobalSection
	GlobalSection(ProjectConfigurationPlatforms) = postSolution
		{CE794D9B-2022-4C0E-83CF-256D3A5A60D7}.Debug|Any CPU.ActiveCfg = Debug|Any CPU
		{CE794D9B-2022-4C0E-83CF-256D3A5A60D7}.Debug|Any CPU.Build.0 = Debug|Any CPU
		{CE794D9B-2022-4C0E-83CF-256D3A5A60D7}.Release|Any CPU.ActiveCfg = Release|Any CPU
		{CE794D9B-2022-4C0E-83CF-256D3A5A60D7}.Release|Any CPU.Build.0 = Release|Any CPU
	EndGlobalSection
	GlobalSection(SolutionProperties) = preSolution
		HideSolutionNode = FALSE
	EndGlobalSection
	GlobalSection(ExtensibilityGlobals) = postSolution
		SolutionGuid = {DB35EA56-D138-4A93-832F-2DE70463F94D}
	EndGlobalSection
EndGlobal
